
Microsoft Visual Studio Solution File, Format Version 12.00
# Visual Studio 15
VisualStudioVersion = 15.0.26124.0
MinimumVisualStudioVersion = 15.0.26124.0
Project("{2150E333-8FDC-42A3-9474-1A3956D46DE8}") = "src", "src", "{0F05256B-DA9E-4E0A-A9AA-F2246CE91BFF}"
EndProject
Project("{FAE04EC0-301F-11D3-BF4B-00C04F79EFBC}") = "GwentTracker", "src\GwentTracker\GwentTracker.csproj", "{52AF4092-2357-4C02-91F0-06C15FC6562A}"
EndProject
Global
	GlobalSection(SolutionConfigurationPlatforms) = preSolution
		Debug|Any CPU = Debug|Any CPU
		Debug|x64 = Debug|x64
		Debug|x86 = Debug|x86
		Release|Any CPU = Release|Any CPU
		Release|x64 = Release|x64
		Release|x86 = Release|x86
	EndGlobalSection
	GlobalSection(SolutionProperties) = preSolution
		HideSolutionNode = FALSE
	EndGlobalSection
	GlobalSection(ProjectConfigurationPlatforms) = postSolution
		{52AF4092-2357-4C02-91F0-06C15FC6562A}.Debug|Any CPU.ActiveCfg = Debug|Any CPU
		{52AF4092-2357-4C02-91F0-06C15FC6562A}.Debug|Any CPU.Build.0 = Debug|Any CPU
		{52AF4092-2357-4C02-91F0-06C15FC6562A}.Debug|x64.ActiveCfg = Debug|Any CPU
		{52AF4092-2357-4C02-91F0-06C15FC6562A}.Debug|x64.Build.0 = Debug|Any CPU
		{52AF4092-2357-4C02-91F0-06C15FC6562A}.Debug|x86.ActiveCfg = Debug|Any CPU
		{52AF4092-2357-4C02-91F0-06C15FC6562A}.Debug|x86.Build.0 = Debug|Any CPU
		{52AF4092-2357-4C02-91F0-06C15FC6562A}.Release|Any CPU.ActiveCfg = Release|Any CPU
		{52AF4092-2357-4C02-91F0-06C15FC6562A}.Release|Any CPU.Build.0 = Release|Any CPU
		{52AF4092-2357-4C02-91F0-06C15FC6562A}.Release|x64.ActiveCfg = Release|Any CPU
		{52AF4092-2357-4C02-91F0-06C15FC6562A}.Release|x64.Build.0 = Release|Any CPU
		{52AF4092-2357-4C02-91F0-06C15FC6562A}.Release|x86.ActiveCfg = Release|Any CPU
		{52AF4092-2357-4C02-91F0-06C15FC6562A}.Release|x86.Build.0 = Release|Any CPU
	EndGlobalSection
	GlobalSection(NestedProjects) = preSolution
		{52AF4092-2357-4C02-91F0-06C15FC6562A} = {0F05256B-DA9E-4E0A-A9AA-F2246CE91BFF}
	EndGlobalSection
EndGlobal
