
Microsoft Visual Studio Solution File, Format Version 12.00
# Visual Studio 14
VisualStudioVersion = 14.0.25420.1
MinimumVisualStudioVersion = 10.0.40219.1
Project("{FAE04EC0-301F-11D3-BF4B-00C04F79EFBC}") = "GwentTracker", "src\GwentTracker\GwentTracker.csproj", "{C6D7D9A5-0241-48FF-9CCE-A7235D458142}"
EndProject
Project("{FAE04EC0-301F-11D3-BF4B-00C04F79EFBC}") = "W3SavegameEditor.Core", "src\W3SavegameEditor\W3SavegameEditor.Core\W3SavegameEditor.Core.csproj", "{9C026DA7-481D-43C6-8C18-635D69FDB423}"
EndProject
Global
	GlobalSection(SolutionConfigurationPlatforms) = preSolution
		Debug|Any CPU = Debug|Any CPU
		Release|Any CPU = Release|Any CPU
	EndGlobalSection
	GlobalSection(ProjectConfigurationPlatforms) = postSolution
		{C6D7D9A5-0241-48FF-9CCE-A7235D458142}.Debug|Any CPU.ActiveCfg = Debug|Any CPU
		{C6D7D9A5-0241-48FF-9CCE-A7235D458142}.Debug|Any CPU.Build.0 = Debug|Any CPU
		{C6D7D9A5-0241-48FF-9CCE-A7235D458142}.Release|Any CPU.ActiveCfg = Release|Any CPU
		{C6D7D9A5-0241-48FF-9CCE-A7235D458142}.Release|Any CPU.Build.0 = Release|Any CPU
		{9C026DA7-481D-43C6-8C18-635D69FDB423}.Debug|Any CPU.ActiveCfg = Debug|Any CPU
		{9C026DA7-481D-43C6-8C18-635D69FDB423}.Debug|Any CPU.Build.0 = Debug|Any CPU
		{9C026DA7-481D-43C6-8C18-635D69FDB423}.Release|Any CPU.ActiveCfg = Release|Any CPU
		{9C026DA7-481D-43C6-8C18-635D69FDB423}.Release|Any CPU.Build.0 = Release|Any CPU
	EndGlobalSection
	GlobalSection(SolutionProperties) = preSolution
		HideSolutionNode = FALSE
	EndGlobalSection
EndGlobal
